// !$*UTF8*$!
{
	archiveVersion = 1;
	classes = {
	};
	objectVersion = 56;
	objects = {

/* Begin PBXBuildFile section */
		2404620D2AAE6336001103C2 /* DogApp.swift in Sources */ = {isa = PBXBuildFile; fileRef = 2404620C2AAE6336001103C2 /* DogApp.swift */; };
		2404620F2AAE6336001103C2 /* ContentView.swift in Sources */ = {isa = PBXBuildFile; fileRef = 2404620E2AAE6336001103C2 /* ContentView.swift */; };
		240462112AAE6337001103C2 /* Assets.xcassets in Resources */ = {isa = PBXBuildFile; fileRef = 240462102AAE6337001103C2 /* Assets.xcassets */; };
		240462142AAE6337001103C2 /* Preview Assets.xcassets in Resources */ = {isa = PBXBuildFile; fileRef = 240462132AAE6337001103C2 /* Preview Assets.xcassets */; };
		2404621B2AAF6808001103C2 /* SoundButton.swift in Sources */ = {isa = PBXBuildFile; fileRef = 2404621A2AAF6808001103C2 /* SoundButton.swift */; };
		2404621D2AAF755B001103C2 /* ToneOutputUnit.swift in Sources */ = {isa = PBXBuildFile; fileRef = 2404621C2AAF755B001103C2 /* ToneOutputUnit.swift */; };
		240462212ABA5846001103C2 /* WiggleModifier.swift in Sources */ = {isa = PBXBuildFile; fileRef = 240462202ABA5846001103C2 /* WiggleModifier.swift */; };
		2481BD8E2AD5D0E1003BA9BF /* Settings.swift in Sources */ = {isa = PBXBuildFile; fileRef = 2481BD8D2AD5D0E1003BA9BF /* Settings.swift */; };
/* End PBXBuildFile section */

/* Begin PBXFileReference section */
		240462092AAE6336001103C2 /* Dog.app */ = {isa = PBXFileReference; explicitFileType = wrapper.application; includeInIndex = 0; path = Dog.app; sourceTree = BUILT_PRODUCTS_DIR; };
		2404620C2AAE6336001103C2 /* DogApp.swift */ = {isa = PBXFileReference; lastKnownFileType = sourcecode.swift; path = DogApp.swift; sourceTree = "<group>"; };
		2404620E2AAE6336001103C2 /* ContentView.swift */ = {isa = PBXFileReference; lastKnownFileType = sourcecode.swift; path = ContentView.swift; sourceTree = "<group>"; };
		240462102AAE6337001103C2 /* Assets.xcassets */ = {isa = PBXFileReference; lastKnownFileType = folder.assetcatalog; path = Assets.xcassets; sourceTree = "<group>"; };
		240462132AAE6337001103C2 /* Preview Assets.xcassets */ = {isa = PBXFileReference; lastKnownFileType = folder.assetcatalog; path = "Preview Assets.xcassets"; sourceTree = "<group>"; };
		2404621A2AAF6808001103C2 /* SoundButton.swift */ = {isa = PBXFileReference; lastKnownFileType = sourcecode.swift; path = SoundButton.swift; sourceTree = "<group>"; };
		2404621C2AAF755B001103C2 /* ToneOutputUnit.swift */ = {isa = PBXFileReference; lastKnownFileType = sourcecode.swift; path = ToneOutputUnit.swift; sourceTree = "<group>"; };
		240462202ABA5846001103C2 /* WiggleModifier.swift */ = {isa = PBXFileReference; lastKnownFileType = sourcecode.swift; path = WiggleModifier.swift; sourceTree = "<group>"; };
		2481BD8D2AD5D0E1003BA9BF /* Settings.swift */ = {isa = PBXFileReference; lastKnownFileType = sourcecode.swift; path = Settings.swift; sourceTree = "<group>"; };
/* End PBXFileReference section */

/* Begin PBXFrameworksBuildPhase section */
		240462062AAE6336001103C2 /* Frameworks */ = {
			isa = PBXFrameworksBuildPhase;
			buildActionMask = 2147483647;
			files = (
			);
			runOnlyForDeploymentPostprocessing = 0;
		};
/* End PBXFrameworksBuildPhase section */

/* Begin PBXGroup section */
		240462002AAE6336001103C2 = {
			isa = PBXGroup;
			children = (
				2404620B2AAE6336001103C2 /* Dog */,
				2404620A2AAE6336001103C2 /* Products */,
			);
			sourceTree = "<group>";
		};
		2404620A2AAE6336001103C2 /* Products */ = {
			isa = PBXGroup;
			children = (
				240462092AAE6336001103C2 /* Dog.app */,
			);
			name = Products;
			sourceTree = "<group>";
		};
		2404620B2AAE6336001103C2 /* Dog */ = {
			isa = PBXGroup;
			children = (
				2404620C2AAE6336001103C2 /* DogApp.swift */,
				2481BD8F2AD5D0EC003BA9BF /* View */,
				240462102AAE6337001103C2 /* Assets.xcassets */,
				240462122AAE6337001103C2 /* Preview Content */,
				2404621C2AAF755B001103C2 /* ToneOutputUnit.swift */,
				2404621A2AAF6808001103C2 /* SoundButton.swift */,
				240462202ABA5846001103C2 /* WiggleModifier.swift */,
			);
			path = Dog;
			sourceTree = "<group>";
		};
		240462122AAE6337001103C2 /* Preview Content */ = {
			isa = PBXGroup;
			children = (
				240462132AAE6337001103C2 /* Preview Assets.xcassets */,
			);
			path = "Preview Content";
			sourceTree = "<group>";
		};
		2481BD8F2AD5D0EC003BA9BF /* View */ = {
			isa = PBXGroup;
			children = (
				2404620E2AAE6336001103C2 /* ContentView.swift */,
				2481BD8D2AD5D0E1003BA9BF /* Settings.swift */,
			);
			path = View;
			sourceTree = "<group>";
		};
/* End PBXGroup section */

/* Begin PBXNativeTarget section */
		240462082AAE6336001103C2 /* Dog */ = {
			isa = PBXNativeTarget;
			buildConfigurationList = 240462172AAE6337001103C2 /* Build configuration list for PBXNativeTarget "Dog" */;
			buildPhases = (
				240462052AAE6336001103C2 /* Sources */,
				240462062AAE6336001103C2 /* Frameworks */,
				240462072AAE6336001103C2 /* Resources */,
			);
			buildRules = (
			);
			dependencies = (
			);
			name = Dog;
			productName = Dog;
			productReference = 240462092AAE6336001103C2 /* Dog.app */;
			productType = "com.apple.product-type.application";
		};
/* End PBXNativeTarget section */

/* Begin PBXProject section */
		240462012AAE6336001103C2 /* Project object */ = {
			isa = PBXProject;
			attributes = {
				BuildIndependentTargetsInParallel = 1;
				LastSwiftUpdateCheck = 1430;
				LastUpgradeCheck = 1500;
				TargetAttributes = {
					240462082AAE6336001103C2 = {
						CreatedOnToolsVersion = 14.3.1;
					};
				};
			};
			buildConfigurationList = 240462042AAE6336001103C2 /* Build configuration list for PBXProject "Dog" */;
			compatibilityVersion = "Xcode 14.0";
			developmentRegion = en;
			hasScannedForEncodings = 0;
			knownRegions = (
				en,
				Base,
			);
			mainGroup = 240462002AAE6336001103C2;
			productRefGroup = 2404620A2AAE6336001103C2 /* Products */;
			projectDirPath = "";
			projectRoot = "";
			targets = (
				240462082AAE6336001103C2 /* Dog */,
			);
		};
/* End PBXProject section */

/* Begin PBXResourcesBuildPhase section */
		240462072AAE6336001103C2 /* Resources */ = {
			isa = PBXResourcesBuildPhase;
			buildActionMask = 2147483647;
			files = (
				240462142AAE6337001103C2 /* Preview Assets.xcassets in Resources */,
				240462112AAE6337001103C2 /* Assets.xcassets in Resources */,
			);
			runOnlyForDeploymentPostprocessing = 0;
		};
/* End PBXResourcesBuildPhase section */

/* Begin PBXSourcesBuildPhase section */
		240462052AAE6336001103C2 /* Sources */ = {
			isa = PBXSourcesBuildPhase;
			buildActionMask = 2147483647;
			files = (
				2481BD8E2AD5D0E1003BA9BF /* Settings.swift in Sources */,
				2404620F2AAE6336001103C2 /* ContentView.swift in Sources */,
				2404621B2AAF6808001103C2 /* SoundButton.swift in Sources */,
				2404620D2AAE6336001103C2 /* DogApp.swift in Sources */,
				240462212ABA5846001103C2 /* WiggleModifier.swift in Sources */,
				2404621D2AAF755B001103C2 /* ToneOutputUnit.swift in Sources */,
			);
			runOnlyForDeploymentPostprocessing = 0;
		};
/* End PBXSourcesBuildPhase section */

/* Begin XCBuildConfiguration section */
		240462152AAE6337001103C2 /* Debug */ = {
			isa = XCBuildConfiguration;
			buildSettings = {
				ALWAYS_SEARCH_USER_PATHS = NO;
				CLANG_ANALYZER_NONNULL = YES;
				CLANG_ANALYZER_NUMBER_OBJECT_CONVERSION = YES_AGGRESSIVE;
				CLANG_CXX_LANGUAGE_STANDARD = "gnu++20";
				CLANG_ENABLE_MODULES = YES;
				CLANG_ENABLE_OBJC_ARC = YES;
				CLANG_ENABLE_OBJC_WEAK = YES;
				CLANG_WARN_BLOCK_CAPTURE_AUTORELEASING = YES;
				CLANG_WARN_BOOL_CONVERSION = YES;
				CLANG_WARN_COMMA = YES;
				CLANG_WARN_CONSTANT_CONVERSION = YES;
				CLANG_WARN_DEPRECATED_OBJC_IMPLEMENTATIONS = YES;
				CLANG_WARN_DIRECT_OBJC_ISA_USAGE = YES_ERROR;
				CLANG_WARN_DOCUMENTATION_COMMENTS = YES;
				CLANG_WARN_EMPTY_BODY = YES;
				CLANG_WARN_ENUM_CONVERSION = YES;
				CLANG_WARN_INFINITE_RECURSION = YES;
				CLANG_WARN_INT_CONVERSION = YES;
				CLANG_WARN_NON_LITERAL_NULL_CONVERSION = YES;
				CLANG_WARN_OBJC_IMPLICIT_RETAIN_SELF = YES;
				CLANG_WARN_OBJC_LITERAL_CONVERSION = YES;
				CLANG_WARN_OBJC_ROOT_CLASS = YES_ERROR;
				CLANG_WARN_QUOTED_INCLUDE_IN_FRAMEWORK_HEADER = YES;
				CLANG_WARN_RANGE_LOOP_ANALYSIS = YES;
				CLANG_WARN_STRICT_PROTOTYPES = YES;
				CLANG_WARN_SUSPICIOUS_MOVE = YES;
				CLANG_WARN_UNGUARDED_AVAILABILITY = YES_AGGRESSIVE;
				CLANG_WARN_UNREACHABLE_CODE = YES;
				CLANG_WARN__DUPLICATE_METHOD_MATCH = YES;
				COPY_PHASE_STRIP = NO;
				DEBUG_INFORMATION_FORMAT = dwarf;
				ENABLE_STRICT_OBJC_MSGSEND = YES;
				ENABLE_TESTABILITY = YES;
				ENABLE_USER_SCRIPT_SANDBOXING = YES;
				GCC_C_LANGUAGE_STANDARD = gnu11;
				GCC_DYNAMIC_NO_PIC = NO;
				GCC_NO_COMMON_BLOCKS = YES;
				GCC_OPTIMIZATION_LEVEL = 0;
				GCC_PREPROCESSOR_DEFINITIONS = (
					"DEBUG=1",
					"$(inherited)",
				);
				GCC_WARN_64_TO_32_BIT_CONVERSION = YES;
				GCC_WARN_ABOUT_RETURN_TYPE = YES_ERROR;
				GCC_WARN_UNDECLARED_SELECTOR = YES;
				GCC_WARN_UNINITIALIZED_AUTOS = YES_AGGRESSIVE;
				GCC_WARN_UNUSED_FUNCTION = YES;
				GCC_WARN_UNUSED_VARIABLE = YES;
				IPHONEOS_DEPLOYMENT_TARGET = 16.4;
				MTL_ENABLE_DEBUG_INFO = INCLUDE_SOURCE;
				MTL_FAST_MATH = YES;
				ONLY_ACTIVE_ARCH = YES;
				SDKROOT = iphoneos;
				SWIFT_ACTIVE_COMPILATION_CONDITIONS = DEBUG;
				SWIFT_OPTIMIZATION_LEVEL = "-Onone";
			};
			name = Debug;
		};
		240462162AAE6337001103C2 /* Release */ = {
			isa = XCBuildConfiguration;
			buildSettings = {
				ALWAYS_SEARCH_USER_PATHS = NO;
				CLANG_ANALYZER_NONNULL = YES;
				CLANG_ANALYZER_NUMBER_OBJECT_CONVERSION = YES_AGGRESSIVE;
				CLANG_CXX_LANGUAGE_STANDARD = "gnu++20";
				CLANG_ENABLE_MODULES = YES;
				CLANG_ENABLE_OBJC_ARC = YES;
				CLANG_ENABLE_OBJC_WEAK = YES;
				CLANG_WARN_BLOCK_CAPTURE_AUTORELEASING = YES;
				CLANG_WARN_BOOL_CONVERSION = YES;
				CLANG_WARN_COMMA = YES;
				CLANG_WARN_CONSTANT_CONVERSION = YES;
				CLANG_WARN_DEPRECATED_OBJC_IMPLEMENTATIONS = YES;
				CLANG_WARN_DIRECT_OBJC_ISA_USAGE = YES_ERROR;
				CLANG_WARN_DOCUMENTATION_COMMENTS = YES;
				CLANG_WARN_EMPTY_BODY = YES;
				CLANG_WARN_ENUM_CONVERSION = YES;
				CLANG_WARN_INFINITE_RECURSION = YES;
				CLANG_WARN_INT_CONVERSION = YES;
				CLANG_WARN_NON_LITERAL_NULL_CONVERSION = YES;
				CLANG_WARN_OBJC_IMPLICIT_RETAIN_SELF = YES;
				CLANG_WARN_OBJC_LITERAL_CONVERSION = YES;
				CLANG_WARN_OBJC_ROOT_CLASS = YES_ERROR;
				CLANG_WARN_QUOTED_INCLUDE_IN_FRAMEWORK_HEADER = YES;
				CLANG_WARN_RANGE_LOOP_ANALYSIS = YES;
				CLANG_WARN_STRICT_PROTOTYPES = YES;
				CLANG_WARN_SUSPICIOUS_MOVE = YES;
				CLANG_WARN_UNGUARDED_AVAILABILITY = YES_AGGRESSIVE;
				CLANG_WARN_UNREACHABLE_CODE = YES;
				CLANG_WARN__DUPLICATE_METHOD_MATCH = YES;
				COPY_PHASE_STRIP = NO;
				DEBUG_INFORMATION_FORMAT = "dwarf-with-dsym";
				ENABLE_NS_ASSERTIONS = NO;
				ENABLE_STRICT_OBJC_MSGSEND = YES;
				ENABLE_USER_SCRIPT_SANDBOXING = YES;
				GCC_C_LANGUAGE_STANDARD = gnu11;
				GCC_NO_COMMON_BLOCKS = YES;
				GCC_WARN_64_TO_32_BIT_CONVERSION = YES;
				GCC_WARN_ABOUT_RETURN_TYPE = YES_ERROR;
				GCC_WARN_UNDECLARED_SELECTOR = YES;
				GCC_WARN_UNINITIALIZED_AUTOS = YES_AGGRESSIVE;
				GCC_WARN_UNUSED_FUNCTION = YES;
				GCC_WARN_UNUSED_VARIABLE = YES;
				IPHONEOS_DEPLOYMENT_TARGET = 16.4;
				MTL_ENABLE_DEBUG_INFO = NO;
				MTL_FAST_MATH = YES;
				SDKROOT = iphoneos;
				SWIFT_COMPILATION_MODE = wholemodule;
				SWIFT_OPTIMIZATION_LEVEL = "-O";
				VALIDATE_PRODUCT = YES;
			};
			name = Release;
		};
		240462182AAE6337001103C2 /* Debug */ = {
			isa = XCBuildConfiguration;
			buildSettings = {
				ASSETCATALOG_COMPILER_APPICON_NAME = AppIcon;
				ASSETCATALOG_COMPILER_GLOBAL_ACCENT_COLOR_NAME = AccentColor;
				CODE_SIGN_STYLE = Automatic;
				CURRENT_PROJECT_VERSION = 1;
				DEVELOPMENT_ASSET_PATHS = "\"Dog/Preview Content\"";
				DEVELOPMENT_TEAM = FM2W8V66MZ;
				ENABLE_PREVIEWS = YES;
				GENERATE_INFOPLIST_FILE = YES;
				INFOPLIST_KEY_UIApplicationSceneManifest_Generation = YES;
				INFOPLIST_KEY_UIApplicationSupportsIndirectInputEvents = YES;
				INFOPLIST_KEY_UILaunchScreen_Generation = YES;
				INFOPLIST_KEY_UISupportedInterfaceOrientations = UIInterfaceOrientationPortrait;
				LD_RUNPATH_SEARCH_PATHS = (
					"$(inherited)",
					"@executable_path/Frameworks",
				);
				MARKETING_VERSION = 1.0;
				PRODUCT_BUNDLE_IDENTIFIER = sound.Training.Dog;
				PRODUCT_NAME = "$(TARGET_NAME)";
				SWIFT_EMIT_LOC_STRINGS = YES;
				SWIFT_VERSION = 5.0;
				TARGETED_DEVICE_FAMILY = "1,2";
			};
			name = Debug;
		};
		240462192AAE6337001103C2 /* Release */ = {
			isa = XCBuildConfiguration;
			buildSettings = {
				ASSETCATALOG_COMPILER_APPICON_NAME = AppIcon;
				ASSETCATALOG_COMPILER_GLOBAL_ACCENT_COLOR_NAME = AccentColor;
				CODE_SIGN_STYLE = Automatic;
				CURRENT_PROJECT_VERSION = 1;
				DEVELOPMENT_ASSET_PATHS = "\"Dog/Preview Content\"";
				DEVELOPMENT_TEAM = FM2W8V66MZ;
				ENABLE_PREVIEWS = YES;
				GENERATE_INFOPLIST_FILE = YES;
				INFOPLIST_KEY_UIApplicationSceneManifest_Generation = YES;
				INFOPLIST_KEY_UIApplicationSupportsIndirectInputEvents = YES;
				INFOPLIST_KEY_UILaunchScreen_Generation = YES;
				INFOPLIST_KEY_UISupportedInterfaceOrientations = UIInterfaceOrientationPortrait;
				LD_RUNPATH_SEARCH_PATHS = (
					"$(inherited)",
					"@executable_path/Frameworks",
				);
				MARKETING_VERSION = 1.0;
				PRODUCT_BUNDLE_IDENTIFIER = sound.Training.Dog;
				PRODUCT_NAME = "$(TARGET_NAME)";
				SWIFT_EMIT_LOC_STRINGS = YES;
				SWIFT_VERSION = 5.0;
				TARGETED_DEVICE_FAMILY = "1,2";
			};
			name = Release;
		};
/* End XCBuildConfiguration section */

/* Begin XCConfigurationList section */
		240462042AAE6336001103C2 /* Build configuration list for PBXProject "Dog" */ = {
			isa = XCConfigurationList;
			buildConfigurations = (
				240462152AAE6337001103C2 /* Debug */,
				240462162AAE6337001103C2 /* Release */,
			);
			defaultConfigurationIsVisible = 0;
			defaultConfigurationName = Release;
		};
		240462172AAE6337001103C2 /* Build configuration list for PBXNativeTarget "Dog" */ = {
			isa = XCConfigurationList;
			buildConfigurations = (
				240462182AAE6337001103C2 /* Debug */,
				240462192AAE6337001103C2 /* Release */,
			);
			defaultConfigurationIsVisible = 0;
			defaultConfigurationName = Release;
		};
/* End XCConfigurationList section */
	};
	rootObject = 240462012AAE6336001103C2 /* Project object */;
}
